
Microsoft Visual Studio Solution File, Format Version 12.00
# Visual Studio Version 17
VisualStudioVersion = 17.11.35312.102
MinimumVisualStudioVersion = 10.0.40219.1
Project("{9A19103F-16F7-4668-BE54-9A1E7A4F7556}") = "ConsoleUI2", "ConsoleUI2.csproj", "{19F1EEBF-9E27-4F52-AC84-B5DF64824973}"
EndProject
Project("{9A19103F-16F7-4668-BE54-9A1E7A4F7556}") = "ConsoleUI2.Desktop", "..\ConsoleUI2.Desktop\ConsoleUI2.Desktop.csproj", "{B23E1D74-44F9-44D4-9D2D-266897635667}"
EndProject
Global
	GlobalSection(SolutionConfigurationPlatforms) = preSolution
		Debug|Any CPU = Debug|Any CPU
		Release|Any CPU = Release|Any CPU
	EndGlobalSection
	GlobalSection(ProjectConfigurationPlatforms) = postSolution
		{19F1EEBF-9E27-4F52-AC84-B5DF64824973}.Debug|Any CPU.ActiveCfg = Debug|Any CPU
		{19F1EEBF-9E27-4F52-AC84-B5DF64824973}.Debug|Any CPU.Build.0 = Debug|Any CPU
		{19F1EEBF-9E27-4F52-AC84-B5DF64824973}.Release|Any CPU.ActiveCfg = Release|Any CPU
		{19F1EEBF-9E27-4F52-AC84-B5DF64824973}.Release|Any CPU.Build.0 = Release|Any CPU
		{B23E1D74-44F9-44D4-9D2D-266897635667}.Debug|Any CPU.ActiveCfg = Debug|Any CPU
		{B23E1D74-44F9-44D4-9D2D-266897635667}.Debug|Any CPU.Build.0 = Debug|Any CPU
		{B23E1D74-44F9-44D4-9D2D-266897635667}.Release|Any CPU.ActiveCfg = Release|Any CPU
		{B23E1D74-44F9-44D4-9D2D-266897635667}.Release|Any CPU.Build.0 = Release|Any CPU
	EndGlobalSection
	GlobalSection(SolutionProperties) = preSolution
		HideSolutionNode = FALSE
	EndGlobalSection
	GlobalSection(ExtensibilityGlobals) = postSolution
		SolutionGuid = {F0938877-413C-4794-B5A9-1A79F591AC6E}
	EndGlobalSection
EndGlobal
